// !$*UTF8*$!
{
	archiveVersion = 1;
	classes = {
	};
	objectVersion = 46;
	objects = {

/* Begin PBXBuildFile section */
		04EF37CD1ED97271003B24C8 /* main.m in Sources */ = {isa = PBXBuildFile; fileRef = 04EF37CC1ED97271003B24C8 /* main.m */; };
		04EF37D01ED97271003B24C8 /* AppDelegate.m in Sources */ = {isa = PBXBuildFile; fileRef = 04EF37CF1ED97271003B24C8 /* AppDelegate.m */; };
		04EF37D81ED97271003B24C8 /* Assets.xcassets in Resources */ = {isa = PBXBuildFile; fileRef = 04EF37D71ED97271003B24C8 /* Assets.xcassets */; };
		04EF37DB1ED97271003B24C8 /* LaunchScreen.storyboard in Resources */ = {isa = PBXBuildFile; fileRef = 04EF37D91ED97271003B24C8 /* LaunchScreen.storyboard */; };
		04EF37F01ED97981003B24C8 /* AVGFavoriteViewController.m in Sources */ = {isa = PBXBuildFile; fileRef = 04EF37EF1ED97981003B24C8 /* AVGFavoriteViewController.m */; };
		04EF37F31ED979ED003B24C8 /* AVGFeedViewController.m in Sources */ = {isa = PBXBuildFile; fileRef = 04EF37F21ED979ED003B24C8 /* AVGFeedViewController.m */; };
		19209BBD1EFFD07A0081F2C3 /* AVGImageLocationView.m in Sources */ = {isa = PBXBuildFile; fileRef = 19209BBC1EFFD07A0081F2C3 /* AVGImageLocationView.m */; };
		193B3F801EEC830200EC54F3 /* AVGFeedCollectionViewCell.m in Sources */ = {isa = PBXBuildFile; fileRef = 193B3F7F1EEC830200EC54F3 /* AVGFeedCollectionViewCell.m */; };
		193B3FE21EF0089500EC54F3 /* AVGSearchImageView.m in Sources */ = {isa = PBXBuildFile; fileRef = 193B3FE11EF0089500EC54F3 /* AVGSearchImageView.m */; };
		193B3FFC1EF0130800EC54F3 /* AVGUrlContainer.m in Sources */ = {isa = PBXBuildFile; fileRef = 193B3FFB1EF0130800EC54F3 /* AVGUrlContainer.m */; };
		193B3FFF1EF0131600EC54F3 /* AVGUrlService.m in Sources */ = {isa = PBXBuildFile; fileRef = 193B3FFE1EF0131600EC54F3 /* AVGUrlService.m */; };
		193B40021EF0132300EC54F3 /* AVGLoadUrlOperation.m in Sources */ = {isa = PBXBuildFile; fileRef = 193B40011EF0132300EC54F3 /* AVGLoadUrlOperation.m */; };
		193B40051EF0132F00EC54F3 /* AVGParseUrlOperation.m in Sources */ = {isa = PBXBuildFile; fileRef = 193B40041EF0132F00EC54F3 /* AVGParseUrlOperation.m */; };
		193B40081EF0134700EC54F3 /* AVGImageService.m in Sources */ = {isa = PBXBuildFile; fileRef = 193B40071EF0134700EC54F3 /* AVGImageService.m */; };
		193B400B1EF0135A00EC54F3 /* AVGLoadImageOperation.m in Sources */ = {isa = PBXBuildFile; fileRef = 193B400A1EF0135A00EC54F3 /* AVGLoadImageOperation.m */; };
		193B400E1EF0136600EC54F3 /* AVGBinaryImageOperation.m in Sources */ = {isa = PBXBuildFile; fileRef = 193B400D1EF0136600EC54F3 /* AVGBinaryImageOperation.m */; };
		19414AD81EF017F900826726 /* AVGImageInformation.m in Sources */ = {isa = PBXBuildFile; fileRef = 19414AD61EF017F900826726 /* AVGImageInformation.m */; };
		195351C41EF805C00022715C /* AVGCollectionViewLayout.m in Sources */ = {isa = PBXBuildFile; fileRef = 195351C31EF805C00022715C /* AVGCollectionViewLayout.m */; };
		19CA7AE41EF91B4C0009A4D0 /* AVGDetailedViewController.m in Sources */ = {isa = PBXBuildFile; fileRef = 19CA7AE31EF91B4C0009A4D0 /* AVGDetailedViewController.m */; };
		19CA7AEC1EF944390009A4D0 /* AVGDetailedImageCell.m in Sources */ = {isa = PBXBuildFile; fileRef = 19CA7AEB1EF944390009A4D0 /* AVGDetailedImageCell.m */; };
		19CA7AEF1EF944640009A4D0 /* AVGDetailedLikesCell.m in Sources */ = {isa = PBXBuildFile; fileRef = 19CA7AEE1EF944640009A4D0 /* AVGDetailedLikesCell.m */; };
		19CA7AF21EF9447B0009A4D0 /* AVGDetailedCommentsCell.m in Sources */ = {isa = PBXBuildFile; fileRef = 19CA7AF11EF9447B0009A4D0 /* AVGDetailedCommentsCell.m */; };
		19CA7AF91EFA96DC0009A4D0 /* UIFont+AVGFont.m in Sources */ = {isa = PBXBuildFile; fileRef = 19CA7AF81EFA96DC0009A4D0 /* UIFont+AVGFont.m */; };
		19CA7AFC1EFA992E0009A4D0 /* UIColor+AVGColor.m in Sources */ = {isa = PBXBuildFile; fileRef = 19CA7AFB1EFA992E0009A4D0 /* UIColor+AVGColor.m */; };
		19CA7B031EFACD680009A4D0 /* AVGDetailedImageInformation.m in Sources */ = {isa = PBXBuildFile; fileRef = 19CA7B021EFACD680009A4D0 /* AVGDetailedImageInformation.m */; };
		19CA7B091EFADCFB0009A4D0 /* AVGCommentator.m in Sources */ = {isa = PBXBuildFile; fileRef = 19CA7B081EFADCFB0009A4D0 /* AVGCommentator.m */; };
		19CA7B0F1EFAE1D20009A4D0 /* AVGDetailedImageService.m in Sources */ = {isa = PBXBuildFile; fileRef = 19CA7B0E1EFAE1D20009A4D0 /* AVGDetailedImageService.m */; };
		19CA7B161EFAE2DD0009A4D0 /* AVGLoadInformationOperation.m in Sources */ = {isa = PBXBuildFile; fileRef = 19CA7B151EFAE2DD0009A4D0 /* AVGLoadInformationOperation.m */; };
		19CA7B201EFAF6710009A4D0 /* AVGLikeInformation.m in Sources */ = {isa = PBXBuildFile; fileRef = 19CA7B1F1EFAF6710009A4D0 /* AVGLikeInformation.m */; };
		19CA7B241EFB019A0009A4D0 /* AVGParseInformationOperation.m in Sources */ = {isa = PBXBuildFile; fileRef = 19CA7B231EFB019A0009A4D0 /* AVGParseInformationOperation.m */; };
		19CA7B281EFB043B0009A4D0 /* AVGLoadParseContainer.m in Sources */ = {isa = PBXBuildFile; fileRef = 19CA7B271EFB043B0009A4D0 /* AVGLoadParseContainer.m */; };
		19CA7B2C1EFB06A40009A4D0 /* AVGDetailedInformationContainer.m in Sources */ = {isa = PBXBuildFile; fileRef = 19CA7B2B1EFB06A40009A4D0 /* AVGDetailedInformationContainer.m */; };
		54823CAA19C65FA7F0AA75A3 /* libPods-ZeplinProject.a in Frameworks */ = {isa = PBXBuildFile; fileRef = 95AEDB05BC50445403DB7731 /* libPods-ZeplinProject.a */; };
/* End PBXBuildFile section */

/* Begin PBXFileReference section */
		04EF37C81ED97271003B24C8 /* ZeplinProject.app */ = {isa = PBXFileReference; explicitFileType = wrapper.application; includeInIndex = 0; path = ZeplinProject.app; sourceTree = BUILT_PRODUCTS_DIR; };
		04EF37CC1ED97271003B24C8 /* main.m */ = {isa = PBXFileReference; lastKnownFileType = sourcecode.c.objc; path = main.m; sourceTree = "<group>"; };
		04EF37CE1ED97271003B24C8 /* AppDelegate.h */ = {isa = PBXFileReference; lastKnownFileType = sourcecode.c.h; path = AppDelegate.h; sourceTree = "<group>"; };
		04EF37CF1ED97271003B24C8 /* AppDelegate.m */ = {isa = PBXFileReference; lastKnownFileType = sourcecode.c.objc; path = AppDelegate.m; sourceTree = "<group>"; };
		04EF37D71ED97271003B24C8 /* Assets.xcassets */ = {isa = PBXFileReference; lastKnownFileType = folder.assetcatalog; path = Assets.xcassets; sourceTree = "<group>"; };
		04EF37DA1ED97271003B24C8 /* Base */ = {isa = PBXFileReference; lastKnownFileType = file.storyboard; name = Base; path = Base.lproj/LaunchScreen.storyboard; sourceTree = "<group>"; };
		04EF37DC1ED97271003B24C8 /* Info.plist */ = {isa = PBXFileReference; lastKnownFileType = text.plist.xml; path = Info.plist; sourceTree = "<group>"; };
		04EF37EE1ED97981003B24C8 /* AVGFavoriteViewController.h */ = {isa = PBXFileReference; fileEncoding = 4; lastKnownFileType = sourcecode.c.h; path = AVGFavoriteViewController.h; sourceTree = "<group>"; };
		04EF37EF1ED97981003B24C8 /* AVGFavoriteViewController.m */ = {isa = PBXFileReference; fileEncoding = 4; lastKnownFileType = sourcecode.c.objc; path = AVGFavoriteViewController.m; sourceTree = "<group>"; };
		04EF37F11ED979ED003B24C8 /* AVGFeedViewController.h */ = {isa = PBXFileReference; fileEncoding = 4; lastKnownFileType = sourcecode.c.h; path = AVGFeedViewController.h; sourceTree = "<group>"; };
		04EF37F21ED979ED003B24C8 /* AVGFeedViewController.m */ = {isa = PBXFileReference; fileEncoding = 4; lastKnownFileType = sourcecode.c.objc; path = AVGFeedViewController.m; sourceTree = "<group>"; };
		19209BBB1EFFD07A0081F2C3 /* AVGImageLocationView.h */ = {isa = PBXFileReference; fileEncoding = 4; lastKnownFileType = sourcecode.c.h; path = AVGImageLocationView.h; sourceTree = "<group>"; };
		19209BBC1EFFD07A0081F2C3 /* AVGImageLocationView.m */ = {isa = PBXFileReference; fileEncoding = 4; lastKnownFileType = sourcecode.c.objc; path = AVGImageLocationView.m; sourceTree = "<group>"; };
		193B3F7E1EEC830200EC54F3 /* AVGFeedCollectionViewCell.h */ = {isa = PBXFileReference; fileEncoding = 4; lastKnownFileType = sourcecode.c.h; path = AVGFeedCollectionViewCell.h; sourceTree = "<group>"; };
		193B3F7F1EEC830200EC54F3 /* AVGFeedCollectionViewCell.m */ = {isa = PBXFileReference; fileEncoding = 4; lastKnownFileType = sourcecode.c.objc; path = AVGFeedCollectionViewCell.m; sourceTree = "<group>"; };
		193B3FE01EF0089500EC54F3 /* AVGSearchImageView.h */ = {isa = PBXFileReference; fileEncoding = 4; lastKnownFileType = sourcecode.c.h; path = AVGSearchImageView.h; sourceTree = "<group>"; };
		193B3FE11EF0089500EC54F3 /* AVGSearchImageView.m */ = {isa = PBXFileReference; fileEncoding = 4; lastKnownFileType = sourcecode.c.objc; path = AVGSearchImageView.m; sourceTree = "<group>"; };
		193B3FFA1EF0130800EC54F3 /* AVGUrlContainer.h */ = {isa = PBXFileReference; fileEncoding = 4; lastKnownFileType = sourcecode.c.h; path = AVGUrlContainer.h; sourceTree = "<group>"; };
		193B3FFB1EF0130800EC54F3 /* AVGUrlContainer.m */ = {isa = PBXFileReference; fileEncoding = 4; lastKnownFileType = sourcecode.c.objc; path = AVGUrlContainer.m; sourceTree = "<group>"; };
		193B3FFD1EF0131600EC54F3 /* AVGUrlService.h */ = {isa = PBXFileReference; fileEncoding = 4; lastKnownFileType = sourcecode.c.h; path = AVGUrlService.h; sourceTree = "<group>"; };
		193B3FFE1EF0131600EC54F3 /* AVGUrlService.m */ = {isa = PBXFileReference; fileEncoding = 4; lastKnownFileType = sourcecode.c.objc; path = AVGUrlService.m; sourceTree = "<group>"; };
		193B40001EF0132300EC54F3 /* AVGLoadUrlOperation.h */ = {isa = PBXFileReference; fileEncoding = 4; lastKnownFileType = sourcecode.c.h; path = AVGLoadUrlOperation.h; sourceTree = "<group>"; };
		193B40011EF0132300EC54F3 /* AVGLoadUrlOperation.m */ = {isa = PBXFileReference; fileEncoding = 4; lastKnownFileType = sourcecode.c.objc; path = AVGLoadUrlOperation.m; sourceTree = "<group>"; };
		193B40031EF0132F00EC54F3 /* AVGParseUrlOperation.h */ = {isa = PBXFileReference; fileEncoding = 4; lastKnownFileType = sourcecode.c.h; path = AVGParseUrlOperation.h; sourceTree = "<group>"; };
		193B40041EF0132F00EC54F3 /* AVGParseUrlOperation.m */ = {isa = PBXFileReference; fileEncoding = 4; lastKnownFileType = sourcecode.c.objc; path = AVGParseUrlOperation.m; sourceTree = "<group>"; };
		193B40061EF0134700EC54F3 /* AVGImageService.h */ = {isa = PBXFileReference; fileEncoding = 4; lastKnownFileType = sourcecode.c.h; path = AVGImageService.h; sourceTree = "<group>"; };
		193B40071EF0134700EC54F3 /* AVGImageService.m */ = {isa = PBXFileReference; fileEncoding = 4; lastKnownFileType = sourcecode.c.objc; path = AVGImageService.m; sourceTree = "<group>"; };
		193B40091EF0135A00EC54F3 /* AVGLoadImageOperation.h */ = {isa = PBXFileReference; fileEncoding = 4; lastKnownFileType = sourcecode.c.h; path = AVGLoadImageOperation.h; sourceTree = "<group>"; };
		193B400A1EF0135A00EC54F3 /* AVGLoadImageOperation.m */ = {isa = PBXFileReference; fileEncoding = 4; lastKnownFileType = sourcecode.c.objc; path = AVGLoadImageOperation.m; sourceTree = "<group>"; };
		193B400C1EF0136600EC54F3 /* AVGBinaryImageOperation.h */ = {isa = PBXFileReference; fileEncoding = 4; lastKnownFileType = sourcecode.c.h; path = AVGBinaryImageOperation.h; sourceTree = "<group>"; };
		193B400D1EF0136600EC54F3 /* AVGBinaryImageOperation.m */ = {isa = PBXFileReference; fileEncoding = 4; lastKnownFileType = sourcecode.c.objc; path = AVGBinaryImageOperation.m; sourceTree = "<group>"; };
		19414AD61EF017F900826726 /* AVGImageInformation.m */ = {isa = PBXFileReference; fileEncoding = 4; lastKnownFileType = sourcecode.c.objc; path = AVGImageInformation.m; sourceTree = "<group>"; };
		19414AD91EF0181D00826726 /* AVGImageInformation.h */ = {isa = PBXFileReference; lastKnownFileType = sourcecode.c.h; path = AVGImageInformation.h; sourceTree = "<group>"; };
		195351C21EF805C00022715C /* AVGCollectionViewLayout.h */ = {isa = PBXFileReference; fileEncoding = 4; lastKnownFileType = sourcecode.c.h; path = AVGCollectionViewLayout.h; sourceTree = "<group>"; };
		195351C31EF805C00022715C /* AVGCollectionViewLayout.m */ = {isa = PBXFileReference; fileEncoding = 4; lastKnownFileType = sourcecode.c.objc; path = AVGCollectionViewLayout.m; sourceTree = "<group>"; };
		19CA7AE21EF91B4C0009A4D0 /* AVGDetailedViewController.h */ = {isa = PBXFileReference; fileEncoding = 4; lastKnownFileType = sourcecode.c.h; path = AVGDetailedViewController.h; sourceTree = "<group>"; };
		19CA7AE31EF91B4C0009A4D0 /* AVGDetailedViewController.m */ = {isa = PBXFileReference; fileEncoding = 4; lastKnownFileType = sourcecode.c.objc; path = AVGDetailedViewController.m; sourceTree = "<group>"; };
		19CA7AEA1EF944390009A4D0 /* AVGDetailedImageCell.h */ = {isa = PBXFileReference; fileEncoding = 4; lastKnownFileType = sourcecode.c.h; path = AVGDetailedImageCell.h; sourceTree = "<group>"; };
		19CA7AEB1EF944390009A4D0 /* AVGDetailedImageCell.m */ = {isa = PBXFileReference; fileEncoding = 4; lastKnownFileType = sourcecode.c.objc; path = AVGDetailedImageCell.m; sourceTree = "<group>"; };
		19CA7AED1EF944640009A4D0 /* AVGDetailedLikesCell.h */ = {isa = PBXFileReference; fileEncoding = 4; lastKnownFileType = sourcecode.c.h; path = AVGDetailedLikesCell.h; sourceTree = "<group>"; };
		19CA7AEE1EF944640009A4D0 /* AVGDetailedLikesCell.m */ = {isa = PBXFileReference; fileEncoding = 4; lastKnownFileType = sourcecode.c.objc; path = AVGDetailedLikesCell.m; sourceTree = "<group>"; };
		19CA7AF01EF9447B0009A4D0 /* AVGDetailedCommentsCell.h */ = {isa = PBXFileReference; fileEncoding = 4; lastKnownFileType = sourcecode.c.h; path = AVGDetailedCommentsCell.h; sourceTree = "<group>"; };
		19CA7AF11EF9447B0009A4D0 /* AVGDetailedCommentsCell.m */ = {isa = PBXFileReference; fileEncoding = 4; lastKnownFileType = sourcecode.c.objc; path = AVGDetailedCommentsCell.m; sourceTree = "<group>"; };
		19CA7AF71EFA96DC0009A4D0 /* UIFont+AVGFont.h */ = {isa = PBXFileReference; fileEncoding = 4; lastKnownFileType = sourcecode.c.h; path = "UIFont+AVGFont.h"; sourceTree = "<group>"; };
		19CA7AF81EFA96DC0009A4D0 /* UIFont+AVGFont.m */ = {isa = PBXFileReference; fileEncoding = 4; lastKnownFileType = sourcecode.c.objc; path = "UIFont+AVGFont.m"; sourceTree = "<group>"; };
		19CA7AFA1EFA992E0009A4D0 /* UIColor+AVGColor.h */ = {isa = PBXFileReference; fileEncoding = 4; lastKnownFileType = sourcecode.c.h; path = "UIColor+AVGColor.h"; sourceTree = "<group>"; };
		19CA7AFB1EFA992E0009A4D0 /* UIColor+AVGColor.m */ = {isa = PBXFileReference; fileEncoding = 4; lastKnownFileType = sourcecode.c.objc; path = "UIColor+AVGColor.m"; sourceTree = "<group>"; };
		19CA7B011EFACD680009A4D0 /* AVGDetailedImageInformation.h */ = {isa = PBXFileReference; fileEncoding = 4; lastKnownFileType = sourcecode.c.h; path = AVGDetailedImageInformation.h; sourceTree = "<group>"; };
		19CA7B021EFACD680009A4D0 /* AVGDetailedImageInformation.m */ = {isa = PBXFileReference; fileEncoding = 4; lastKnownFileType = sourcecode.c.objc; path = AVGDetailedImageInformation.m; sourceTree = "<group>"; };
		19CA7B071EFADCFB0009A4D0 /* AVGCommentator.h */ = {isa = PBXFileReference; fileEncoding = 4; lastKnownFileType = sourcecode.c.h; path = AVGCommentator.h; sourceTree = "<group>"; };
		19CA7B081EFADCFB0009A4D0 /* AVGCommentator.m */ = {isa = PBXFileReference; fileEncoding = 4; lastKnownFileType = sourcecode.c.objc; path = AVGCommentator.m; sourceTree = "<group>"; };
		19CA7B0D1EFAE1D20009A4D0 /* AVGDetailedImageService.h */ = {isa = PBXFileReference; fileEncoding = 4; lastKnownFileType = sourcecode.c.h; path = AVGDetailedImageService.h; sourceTree = "<group>"; };
		19CA7B0E1EFAE1D20009A4D0 /* AVGDetailedImageService.m */ = {isa = PBXFileReference; fileEncoding = 4; lastKnownFileType = sourcecode.c.objc; path = AVGDetailedImageService.m; sourceTree = "<group>"; };
		19CA7B141EFAE2DD0009A4D0 /* AVGLoadInformationOperation.h */ = {isa = PBXFileReference; fileEncoding = 4; lastKnownFileType = sourcecode.c.h; path = AVGLoadInformationOperation.h; sourceTree = "<group>"; };
		19CA7B151EFAE2DD0009A4D0 /* AVGLoadInformationOperation.m */ = {isa = PBXFileReference; fileEncoding = 4; lastKnownFileType = sourcecode.c.objc; path = AVGLoadInformationOperation.m; sourceTree = "<group>"; };
		19CA7B1E1EFAF6710009A4D0 /* AVGLikeInformation.h */ = {isa = PBXFileReference; fileEncoding = 4; lastKnownFileType = sourcecode.c.h; path = AVGLikeInformation.h; sourceTree = "<group>"; };
		19CA7B1F1EFAF6710009A4D0 /* AVGLikeInformation.m */ = {isa = PBXFileReference; fileEncoding = 4; lastKnownFileType = sourcecode.c.objc; path = AVGLikeInformation.m; sourceTree = "<group>"; };
		19CA7B221EFB019A0009A4D0 /* AVGParseInformationOperation.h */ = {isa = PBXFileReference; fileEncoding = 4; lastKnownFileType = sourcecode.c.h; path = AVGParseInformationOperation.h; sourceTree = "<group>"; };
		19CA7B231EFB019A0009A4D0 /* AVGParseInformationOperation.m */ = {isa = PBXFileReference; fileEncoding = 4; lastKnownFileType = sourcecode.c.objc; path = AVGParseInformationOperation.m; sourceTree = "<group>"; };
		19CA7B261EFB043B0009A4D0 /* AVGLoadParseContainer.h */ = {isa = PBXFileReference; fileEncoding = 4; lastKnownFileType = sourcecode.c.h; path = AVGLoadParseContainer.h; sourceTree = "<group>"; };
		19CA7B271EFB043B0009A4D0 /* AVGLoadParseContainer.m */ = {isa = PBXFileReference; fileEncoding = 4; lastKnownFileType = sourcecode.c.objc; path = AVGLoadParseContainer.m; sourceTree = "<group>"; };
		19CA7B2A1EFB06A40009A4D0 /* AVGDetailedInformationContainer.h */ = {isa = PBXFileReference; fileEncoding = 4; lastKnownFileType = sourcecode.c.h; path = AVGDetailedInformationContainer.h; sourceTree = "<group>"; };
		19CA7B2B1EFB06A40009A4D0 /* AVGDetailedInformationContainer.m */ = {isa = PBXFileReference; fileEncoding = 4; lastKnownFileType = sourcecode.c.objc; path = AVGDetailedInformationContainer.m; sourceTree = "<group>"; };
		2B12E6CB648A2621EF130D63 /* Pods-ZeplinProject.release.xcconfig */ = {isa = PBXFileReference; includeInIndex = 1; lastKnownFileType = text.xcconfig; name = "Pods-ZeplinProject.release.xcconfig"; path = "Pods/Target Support Files/Pods-ZeplinProject/Pods-ZeplinProject.release.xcconfig"; sourceTree = "<group>"; };
		927012A5674ABD7AB14C1BC7 /* Pods-ZeplinProject.debug.xcconfig */ = {isa = PBXFileReference; includeInIndex = 1; lastKnownFileType = text.xcconfig; name = "Pods-ZeplinProject.debug.xcconfig"; path = "Pods/Target Support Files/Pods-ZeplinProject/Pods-ZeplinProject.debug.xcconfig"; sourceTree = "<group>"; };
		95AEDB05BC50445403DB7731 /* libPods-ZeplinProject.a */ = {isa = PBXFileReference; explicitFileType = archive.ar; includeInIndex = 0; path = "libPods-ZeplinProject.a"; sourceTree = BUILT_PRODUCTS_DIR; };
/* End PBXFileReference section */

/* Begin PBXFrameworksBuildPhase section */
		04EF37C51ED97271003B24C8 /* Frameworks */ = {
			isa = PBXFrameworksBuildPhase;
			buildActionMask = 2147483647;
			files = (
				54823CAA19C65FA7F0AA75A3 /* libPods-ZeplinProject.a in Frameworks */,
			);
			runOnlyForDeploymentPostprocessing = 0;
		};
/* End PBXFrameworksBuildPhase section */

/* Begin PBXGroup section */
		04EF37BF1ED97271003B24C8 = {
			isa = PBXGroup;
			children = (
				04EF37CA1ED97271003B24C8 /* ZeplinProject */,
				04EF37C91ED97271003B24C8 /* Products */,
				110952CC125A76E503E47929 /* Pods */,
				6657EE7258E3BA5E67525F53 /* Frameworks */,
			);
			sourceTree = "<group>";
		};
		04EF37C91ED97271003B24C8 /* Products */ = {
			isa = PBXGroup;
			children = (
				04EF37C81ED97271003B24C8 /* ZeplinProject.app */,
			);
			name = Products;
			sourceTree = "<group>";
		};
		04EF37CA1ED97271003B24C8 /* ZeplinProject */ = {
			isa = PBXGroup;
			children = (
				193B3FEB1EF011EF00EC54F3 /* Model */,
				04EF37E31ED976B9003B24C8 /* View */,
				04EF37E21ED976A9003B24C8 /* Controller */,
				19CA7AF31EFA965C0009A4D0 /* Categories */,
				04EF37CE1ED97271003B24C8 /* AppDelegate.h */,
				04EF37CF1ED97271003B24C8 /* AppDelegate.m */,
				04EF37D71ED97271003B24C8 /* Assets.xcassets */,
				04EF37D91ED97271003B24C8 /* LaunchScreen.storyboard */,
				04EF37DC1ED97271003B24C8 /* Info.plist */,
				04EF37CB1ED97271003B24C8 /* Supporting Files */,
			);
			path = ZeplinProject;
			sourceTree = "<group>";
		};
		04EF37CB1ED97271003B24C8 /* Supporting Files */ = {
			isa = PBXGroup;
			children = (
				04EF37CC1ED97271003B24C8 /* main.m */,
			);
			name = "Supporting Files";
			sourceTree = "<group>";
		};
		04EF37E21ED976A9003B24C8 /* Controller */ = {
			isa = PBXGroup;
			children = (
				04EF37ED1ED97917003B24C8 /* Favorite  */,
				04EF37E81ED97819003B24C8 /* Wall CollectionView */,
			);
			name = Controller;
			sourceTree = "<group>";
		};
		04EF37E31ED976B9003B24C8 /* View */ = {
			isa = PBXGroup;
			children = (
				195351C01EF805690022715C /* Cell */,
				19209BB91EFFD0150081F2C3 /* Detailed image */,
			);
			name = View;
			sourceTree = "<group>";
		};
		04EF37E81ED97819003B24C8 /* Wall CollectionView */ = {
			isa = PBXGroup;
			children = (
				04EF37F11ED979ED003B24C8 /* AVGFeedViewController.h */,
				04EF37F21ED979ED003B24C8 /* AVGFeedViewController.m */,
				19CA7AE11EF91B090009A4D0 /* Detailed */,
			);
			name = "Wall CollectionView";
			sourceTree = "<group>";
		};
		04EF37ED1ED97917003B24C8 /* Favorite  */ = {
			isa = PBXGroup;
			children = (
				04EF37EE1ED97981003B24C8 /* AVGFavoriteViewController.h */,
				04EF37EF1ED97981003B24C8 /* AVGFavoriteViewController.m */,
			);
			name = "Favorite ";
			sourceTree = "<group>";
		};
		110952CC125A76E503E47929 /* Pods */ = {
			isa = PBXGroup;
			children = (
				927012A5674ABD7AB14C1BC7 /* Pods-ZeplinProject.debug.xcconfig */,
				2B12E6CB648A2621EF130D63 /* Pods-ZeplinProject.release.xcconfig */,
			);
			name = Pods;
			sourceTree = "<group>";
		};
		19209BB91EFFD0150081F2C3 /* Detailed image */ = {
			isa = PBXGroup;
			children = (
				19209BBA1EFFD0390081F2C3 /* Navigation titleView */,
			);
			name = "Detailed image";
			sourceTree = "<group>";
		};
		19209BBA1EFFD0390081F2C3 /* Navigation titleView */ = {
			isa = PBXGroup;
			children = (
				19209BBB1EFFD07A0081F2C3 /* AVGImageLocationView.h */,
				19209BBC1EFFD07A0081F2C3 /* AVGImageLocationView.m */,
			);
			name = "Navigation titleView";
			sourceTree = "<group>";
		};
		193B3FDF1EF0087F00EC54F3 /* Thumbnail */ = {
			isa = PBXGroup;
			children = (
				193B3FE01EF0089500EC54F3 /* AVGSearchImageView.h */,
				193B3FE11EF0089500EC54F3 /* AVGSearchImageView.m */,
			);
			name = Thumbnail;
			sourceTree = "<group>";
		};
		193B3FEB1EF011EF00EC54F3 /* Model */ = {
			isa = PBXGroup;
			children = (
				193B3FEC1EF011F500EC54F3 /* Service */,
				193B3FF61EF012C400EC54F3 /* Image info */,
			);
			name = Model;
			sourceTree = "<group>";
		};
		193B3FEC1EF011F500EC54F3 /* Service */ = {
			isa = PBXGroup;
			children = (
				193B3FED1EF0122400EC54F3 /* URLs load */,
				193B3FF21EF0128900EC54F3 /* Images load */,
				19CA7B0B1EFAE1220009A4D0 /* Images detailed info load */,
			);
			name = Service;
			sourceTree = "<group>";
		};
		193B3FED1EF0122400EC54F3 /* URLs load */ = {
			isa = PBXGroup;
			children = (
				193B3FFD1EF0131600EC54F3 /* AVGUrlService.h */,
				193B3FFE1EF0131600EC54F3 /* AVGUrlService.m */,
				193B3FEF1EF0124800EC54F3 /* Operations */,
			);
			name = "URLs load";
			sourceTree = "<group>";
		};
		193B3FEE1EF0122A00EC54F3 /* URL operations container */ = {
			isa = PBXGroup;
			children = (
				193B3FFA1EF0130800EC54F3 /* AVGUrlContainer.h */,
				193B3FFB1EF0130800EC54F3 /* AVGUrlContainer.m */,
			);
			name = "URL operations container";
			sourceTree = "<group>";
		};
		193B3FEF1EF0124800EC54F3 /* Operations */ = {
			isa = PBXGroup;
			children = (
				193B3FEE1EF0122A00EC54F3 /* URL operations container */,
				193B3FF11EF0125500EC54F3 /* Load urls */,
				193B3FF01EF0125200EC54F3 /* Parse urls */,
			);
			name = Operations;
			sourceTree = "<group>";
		};
		193B3FF01EF0125200EC54F3 /* Parse urls */ = {
			isa = PBXGroup;
			children = (
				193B40031EF0132F00EC54F3 /* AVGParseUrlOperation.h */,
				193B40041EF0132F00EC54F3 /* AVGParseUrlOperation.m */,
			);
			name = "Parse urls";
			sourceTree = "<group>";
		};
		193B3FF11EF0125500EC54F3 /* Load urls */ = {
			isa = PBXGroup;
			children = (
				193B40001EF0132300EC54F3 /* AVGLoadUrlOperation.h */,
				193B40011EF0132300EC54F3 /* AVGLoadUrlOperation.m */,
			);
			name = "Load urls";
			sourceTree = "<group>";
		};
		193B3FF21EF0128900EC54F3 /* Images load */ = {
			isa = PBXGroup;
			children = (
				193B40061EF0134700EC54F3 /* AVGImageService.h */,
				193B40071EF0134700EC54F3 /* AVGImageService.m */,
				193B3FF31EF0129B00EC54F3 /* Operations */,
			);
			name = "Images load";
			sourceTree = "<group>";
		};
		193B3FF31EF0129B00EC54F3 /* Operations */ = {
			isa = PBXGroup;
			children = (
				19CA7B251EFB039C0009A4D0 /* Load & parse operations container */,
				193B3FF51EF012A600EC54F3 /* Load image */,
				193B3FF41EF012A400EC54F3 /* Filter image */,
			);
			name = Operations;
			sourceTree = "<group>";
		};
		193B3FF41EF012A400EC54F3 /* Filter image */ = {
			isa = PBXGroup;
			children = (
				193B400C1EF0136600EC54F3 /* AVGBinaryImageOperation.h */,
				193B400D1EF0136600EC54F3 /* AVGBinaryImageOperation.m */,
			);
			name = "Filter image";
			sourceTree = "<group>";
		};
		193B3FF51EF012A600EC54F3 /* Load image */ = {
			isa = PBXGroup;
			children = (
				193B40091EF0135A00EC54F3 /* AVGLoadImageOperation.h */,
				193B400A1EF0135A00EC54F3 /* AVGLoadImageOperation.m */,
			);
			name = "Load image";
			sourceTree = "<group>";
		};
		193B3FF61EF012C400EC54F3 /* Image info */ = {
			isa = PBXGroup;
			children = (
				19CA7B001EFACCF30009A4D0 /* Image URLs */,
				19CA7AFF1EFACCDD0009A4D0 /* Detailed image information */,
			);
			name = "Image info";
			sourceTree = "<group>";
		};
		195351C01EF805690022715C /* Cell */ = {
			isa = PBXGroup;
			children = (
				19CA7AE51EF942960009A4D0 /* Feed collectionView */,
				19CA7AE61EF942D00009A4D0 /* Detailed tableView */,
			);
			name = Cell;
			sourceTree = "<group>";
		};
		195351C11EF805840022715C /* Cell layout */ = {
			isa = PBXGroup;
			children = (
				195351C21EF805C00022715C /* AVGCollectionViewLayout.h */,
				195351C31EF805C00022715C /* AVGCollectionViewLayout.m */,
			);
			name = "Cell layout";
			sourceTree = "<group>";
		};
		19CA7AE11EF91B090009A4D0 /* Detailed */ = {
			isa = PBXGroup;
			children = (
				19CA7AE21EF91B4C0009A4D0 /* AVGDetailedViewController.h */,
				19CA7AE31EF91B4C0009A4D0 /* AVGDetailedViewController.m */,
			);
			name = Detailed;
			sourceTree = "<group>";
		};
		19CA7AE51EF942960009A4D0 /* Feed collectionView */ = {
			isa = PBXGroup;
			children = (
				193B3F7E1EEC830200EC54F3 /* AVGFeedCollectionViewCell.h */,
				193B3F7F1EEC830200EC54F3 /* AVGFeedCollectionViewCell.m */,
				193B3FDF1EF0087F00EC54F3 /* Thumbnail */,
				195351C11EF805840022715C /* Cell layout */,
			);
			name = "Feed collectionView";
			sourceTree = "<group>";
		};
		19CA7AE61EF942D00009A4D0 /* Detailed tableView */ = {
			isa = PBXGroup;
			children = (
				19CA7AE91EF942EA0009A4D0 /* Image & description */,
				19CA7AE81EF942E70009A4D0 /* Likes & comments count */,
				19CA7AE71EF942E40009A4D0 /* Comments text */,
			);
			name = "Detailed tableView";
			sourceTree = "<group>";
		};
		19CA7AE71EF942E40009A4D0 /* Comments text */ = {
			isa = PBXGroup;
			children = (
				19CA7AF01EF9447B0009A4D0 /* AVGDetailedCommentsCell.h */,
				19CA7AF11EF9447B0009A4D0 /* AVGDetailedCommentsCell.m */,
			);
			name = "Comments text";
			sourceTree = "<group>";
		};
		19CA7AE81EF942E70009A4D0 /* Likes & comments count */ = {
			isa = PBXGroup;
			children = (
				19CA7AED1EF944640009A4D0 /* AVGDetailedLikesCell.h */,
				19CA7AEE1EF944640009A4D0 /* AVGDetailedLikesCell.m */,
			);
			name = "Likes & comments count";
			sourceTree = "<group>";
		};
		19CA7AE91EF942EA0009A4D0 /* Image & description */ = {
			isa = PBXGroup;
			children = (
				19CA7AEA1EF944390009A4D0 /* AVGDetailedImageCell.h */,
				19CA7AEB1EF944390009A4D0 /* AVGDetailedImageCell.m */,
			);
			name = "Image & description";
			sourceTree = "<group>";
		};
		19CA7AF31EFA965C0009A4D0 /* Categories */ = {
			isa = PBXGroup;
			children = (
				19CA7AFE1EFA99A40009A4D0 /* Color */,
				19CA7AFD1EFA999A0009A4D0 /* Font */,
			);
			name = Categories;
			sourceTree = "<group>";
		};
		19CA7AFD1EFA999A0009A4D0 /* Font */ = {
			isa = PBXGroup;
			children = (
				19CA7AF71EFA96DC0009A4D0 /* UIFont+AVGFont.h */,
				19CA7AF81EFA96DC0009A4D0 /* UIFont+AVGFont.m */,
			);
			name = Font;
			sourceTree = "<group>";
		};
		19CA7AFE1EFA99A40009A4D0 /* Color */ = {
			isa = PBXGroup;
			children = (
				19CA7AFA1EFA992E0009A4D0 /* UIColor+AVGColor.h */,
				19CA7AFB1EFA992E0009A4D0 /* UIColor+AVGColor.m */,
			);
			name = Color;
			sourceTree = "<group>";
		};
		19CA7AFF1EFACCDD0009A4D0 /* Detailed image information */ = {
			isa = PBXGroup;
			children = (
				19CA7B011EFACD680009A4D0 /* AVGDetailedImageInformation.h */,
				19CA7B021EFACD680009A4D0 /* AVGDetailedImageInformation.m */,
				19CA7B1D1EFAF42F0009A4D0 /* Like */,
				19CA7B041EFADCA40009A4D0 /* Commentator */,
			);
			name = "Detailed image information";
			sourceTree = "<group>";
		};
		19CA7B001EFACCF30009A4D0 /* Image URLs */ = {
			isa = PBXGroup;
			children = (
				19414AD91EF0181D00826726 /* AVGImageInformation.h */,
				19414AD61EF017F900826726 /* AVGImageInformation.m */,
			);
			name = "Image URLs";
			sourceTree = "<group>";
		};
		19CA7B041EFADCA40009A4D0 /* Commentator */ = {
			isa = PBXGroup;
			children = (
				19CA7B071EFADCFB0009A4D0 /* AVGCommentator.h */,
				19CA7B081EFADCFB0009A4D0 /* AVGCommentator.m */,
			);
			name = Commentator;
			sourceTree = "<group>";
		};
		19CA7B0B1EFAE1220009A4D0 /* Images detailed info load */ = {
			isa = PBXGroup;
			children = (
				19CA7B0D1EFAE1D20009A4D0 /* AVGDetailedImageService.h */,
				19CA7B0E1EFAE1D20009A4D0 /* AVGDetailedImageService.m */,
				19CA7B101EFAE2140009A4D0 /* Operations */,
			);
			name = "Images detailed info load";
			sourceTree = "<group>";
		};
		19CA7B101EFAE2140009A4D0 /* Operations */ = {
			isa = PBXGroup;
			children = (
				19CA7B291EFB06690009A4D0 /* Detailed operations container */,
				19CA7B131EFAE2240009A4D0 /* Load information */,
				19CA7B211EFB01520009A4D0 /* Parse detailed information */,
			);
			name = Operations;
			sourceTree = "<group>";
		};
		19CA7B131EFAE2240009A4D0 /* Load information */ = {
			isa = PBXGroup;
			children = (
				19CA7B141EFAE2DD0009A4D0 /* AVGLoadInformationOperation.h */,
				19CA7B151EFAE2DD0009A4D0 /* AVGLoadInformationOperation.m */,
			);
			name = "Load information";
			sourceTree = "<group>";
		};
		19CA7B1D1EFAF42F0009A4D0 /* Like */ = {
			isa = PBXGroup;
			children = (
				19CA7B1E1EFAF6710009A4D0 /* AVGLikeInformation.h */,
				19CA7B1F1EFAF6710009A4D0 /* AVGLikeInformation.m */,
			);
			name = Like;
			sourceTree = "<group>";
		};
		19CA7B211EFB01520009A4D0 /* Parse detailed information */ = {
			isa = PBXGroup;
			children = (
				19CA7B221EFB019A0009A4D0 /* AVGParseInformationOperation.h */,
				19CA7B231EFB019A0009A4D0 /* AVGParseInformationOperation.m */,
			);
			name = "Parse detailed information";
			sourceTree = "<group>";
		};
		19CA7B251EFB039C0009A4D0 /* Load & parse operations container */ = {
			isa = PBXGroup;
			children = (
				19CA7B261EFB043B0009A4D0 /* AVGLoadParseContainer.h */,
				19CA7B271EFB043B0009A4D0 /* AVGLoadParseContainer.m */,
			);
			name = "Load & parse operations container";
			sourceTree = "<group>";
		};
		19CA7B291EFB06690009A4D0 /* Detailed operations container */ = {
			isa = PBXGroup;
			children = (
				19CA7B2A1EFB06A40009A4D0 /* AVGDetailedInformationContainer.h */,
				19CA7B2B1EFB06A40009A4D0 /* AVGDetailedInformationContainer.m */,
			);
			name = "Detailed operations container";
			sourceTree = "<group>";
		};
		6657EE7258E3BA5E67525F53 /* Frameworks */ = {
			isa = PBXGroup;
			children = (
				95AEDB05BC50445403DB7731 /* libPods-ZeplinProject.a */,
			);
			name = Frameworks;
			sourceTree = "<group>";
		};
/* End PBXGroup section */

/* Begin PBXNativeTarget section */
		04EF37C71ED97271003B24C8 /* ZeplinProject */ = {
			isa = PBXNativeTarget;
			buildConfigurationList = 04EF37DF1ED97271003B24C8 /* Build configuration list for PBXNativeTarget "ZeplinProject" */;
			buildPhases = (
				2801EFC39676D6968D5CD1DC /* [CP] Check Pods Manifest.lock */,
				04EF37C41ED97271003B24C8 /* Sources */,
				04EF37C51ED97271003B24C8 /* Frameworks */,
				04EF37C61ED97271003B24C8 /* Resources */,
				3838EBD14AF453C510FA3845 /* [CP] Embed Pods Frameworks */,
				92BAE9DA4492CAF49DDC1D4D /* [CP] Copy Pods Resources */,
			);
			buildRules = (
			);
			dependencies = (
			);
			name = ZeplinProject;
			productName = ZeplinProject;
			productReference = 04EF37C81ED97271003B24C8 /* ZeplinProject.app */;
			productType = "com.apple.product-type.application";
		};
/* End PBXNativeTarget section */

/* Begin PBXProject section */
		04EF37C01ED97271003B24C8 /* Project object */ = {
			isa = PBXProject;
			attributes = {
				LastUpgradeCheck = 0900;
				ORGANIZATIONNAME = "iOS-School-1";
				TargetAttributes = {
					04EF37C71ED97271003B24C8 = {
						CreatedOnToolsVersion = 8.2.1;
						DevelopmentTeam = Z48WYVF59J;
						ProvisioningStyle = Automatic;
					};
				};
			};
			buildConfigurationList = 04EF37C31ED97271003B24C8 /* Build configuration list for PBXProject "ZeplinProject" */;
			compatibilityVersion = "Xcode 3.2";
			developmentRegion = English;
			hasScannedForEncodings = 0;
			knownRegions = (
				en,
				Base,
			);
			mainGroup = 04EF37BF1ED97271003B24C8;
			productRefGroup = 04EF37C91ED97271003B24C8 /* Products */;
			projectDirPath = "";
			projectRoot = "";
			targets = (
				04EF37C71ED97271003B24C8 /* ZeplinProject */,
			);
		};
/* End PBXProject section */

/* Begin PBXResourcesBuildPhase section */
		04EF37C61ED97271003B24C8 /* Resources */ = {
			isa = PBXResourcesBuildPhase;
			buildActionMask = 2147483647;
			files = (
				04EF37DB1ED97271003B24C8 /* LaunchScreen.storyboard in Resources */,
				04EF37D81ED97271003B24C8 /* Assets.xcassets in Resources */,
			);
			runOnlyForDeploymentPostprocessing = 0;
		};
/* End PBXResourcesBuildPhase section */

/* Begin PBXShellScriptBuildPhase section */
		2801EFC39676D6968D5CD1DC /* [CP] Check Pods Manifest.lock */ = {
			isa = PBXShellScriptBuildPhase;
			buildActionMask = 2147483647;
			files = (
			);
			inputPaths = (
			);
			name = "[CP] Check Pods Manifest.lock";
			outputPaths = (
			);
			runOnlyForDeploymentPostprocessing = 0;
			shellPath = /bin/sh;
			shellScript = "diff \"${PODS_PODFILE_DIR_PATH}/Podfile.lock\" \"${PODS_ROOT}/Manifest.lock\" > /dev/null\nif [ $? != 0 ] ; then\n    # print error to STDERR\n    echo \"error: The sandbox is not in sync with the Podfile.lock. Run 'pod install' or update your CocoaPods installation.\" >&2\n    exit 1\nfi\n";
			showEnvVarsInLog = 0;
		};
		3838EBD14AF453C510FA3845 /* [CP] Embed Pods Frameworks */ = {
			isa = PBXShellScriptBuildPhase;
			buildActionMask = 2147483647;
			files = (
			);
			inputPaths = (
			);
			name = "[CP] Embed Pods Frameworks";
			outputPaths = (
			);
			runOnlyForDeploymentPostprocessing = 0;
			shellPath = /bin/sh;
			shellScript = "\"${SRCROOT}/Pods/Target Support Files/Pods-ZeplinProject/Pods-ZeplinProject-frameworks.sh\"\n";
			showEnvVarsInLog = 0;
		};
		92BAE9DA4492CAF49DDC1D4D /* [CP] Copy Pods Resources */ = {
			isa = PBXShellScriptBuildPhase;
			buildActionMask = 2147483647;
			files = (
			);
			inputPaths = (
			);
			name = "[CP] Copy Pods Resources";
			outputPaths = (
			);
			runOnlyForDeploymentPostprocessing = 0;
			shellPath = /bin/sh;
			shellScript = "\"${SRCROOT}/Pods/Target Support Files/Pods-ZeplinProject/Pods-ZeplinProject-resources.sh\"\n";
			showEnvVarsInLog = 0;
		};
/* End PBXShellScriptBuildPhase section */

/* Begin PBXSourcesBuildPhase section */
		04EF37C41ED97271003B24C8 /* Sources */ = {
			isa = PBXSourcesBuildPhase;
			buildActionMask = 2147483647;
			files = (
				193B3FFC1EF0130800EC54F3 /* AVGUrlContainer.m in Sources */,
				04EF37D01ED97271003B24C8 /* AppDelegate.m in Sources */,
				19CA7B0F1EFAE1D20009A4D0 /* AVGDetailedImageService.m in Sources */,
				19CA7B201EFAF6710009A4D0 /* AVGLikeInformation.m in Sources */,
				195351C41EF805C00022715C /* AVGCollectionViewLayout.m in Sources */,
				193B40051EF0132F00EC54F3 /* AVGParseUrlOperation.m in Sources */,
				19CA7AF91EFA96DC0009A4D0 /* UIFont+AVGFont.m in Sources */,
				04EF37CD1ED97271003B24C8 /* main.m in Sources */,
				19414AD81EF017F900826726 /* AVGImageInformation.m in Sources */,
				19CA7B031EFACD680009A4D0 /* AVGDetailedImageInformation.m in Sources */,
				19CA7AFC1EFA992E0009A4D0 /* UIColor+AVGColor.m in Sources */,
				193B3FFF1EF0131600EC54F3 /* AVGUrlService.m in Sources */,
				19CA7AEC1EF944390009A4D0 /* AVGDetailedImageCell.m in Sources */,
				193B40021EF0132300EC54F3 /* AVGLoadUrlOperation.m in Sources */,
				19CA7AF21EF9447B0009A4D0 /* AVGDetailedCommentsCell.m in Sources */,
				19CA7B2C1EFB06A40009A4D0 /* AVGDetailedInformationContainer.m in Sources */,
				19CA7B281EFB043B0009A4D0 /* AVGLoadParseContainer.m in Sources */,
				04EF37F31ED979ED003B24C8 /* AVGFeedViewController.m in Sources */,
				19209BBD1EFFD07A0081F2C3 /* AVGImageLocationView.m in Sources */,
				193B3F801EEC830200EC54F3 /* AVGFeedCollectionViewCell.m in Sources */,
				19CA7B241EFB019A0009A4D0 /* AVGParseInformationOperation.m in Sources */,
				19CA7B091EFADCFB0009A4D0 /* AVGCommentator.m in Sources */,
				193B400E1EF0136600EC54F3 /* AVGBinaryImageOperation.m in Sources */,
				04EF37F01ED97981003B24C8 /* AVGFavoriteViewController.m in Sources */,
				193B400B1EF0135A00EC54F3 /* AVGLoadImageOperation.m in Sources */,
				19CA7B161EFAE2DD0009A4D0 /* AVGLoadInformationOperation.m in Sources */,
				193B40081EF0134700EC54F3 /* AVGImageService.m in Sources */,
				193B3FE21EF0089500EC54F3 /* AVGSearchImageView.m in Sources */,
				19CA7AE41EF91B4C0009A4D0 /* AVGDetailedViewController.m in Sources */,
				19CA7AEF1EF944640009A4D0 /* AVGDetailedLikesCell.m in Sources */,
			);
			runOnlyForDeploymentPostprocessing = 0;
		};
/* End PBXSourcesBuildPhase section */

/* Begin PBXVariantGroup section */
		04EF37D91ED97271003B24C8 /* LaunchScreen.storyboard */ = {
			isa = PBXVariantGroup;
			children = (
				04EF37DA1ED97271003B24C8 /* Base */,
			);
			name = LaunchScreen.storyboard;
			sourceTree = "<group>";
		};
/* End PBXVariantGroup section */

/* Begin XCBuildConfiguration section */
		04EF37DD1ED97271003B24C8 /* Debug */ = {
			isa = XCBuildConfiguration;
			buildSettings = {
				ALWAYS_SEARCH_USER_PATHS = NO;
				CLANG_ANALYZER_NONNULL = YES;
				CLANG_CXX_LANGUAGE_STANDARD = "gnu++0x";
				CLANG_CXX_LIBRARY = "libc++";
				CLANG_ENABLE_MODULES = YES;
				CLANG_ENABLE_OBJC_ARC = YES;
				CLANG_WARN_BLOCK_CAPTURE_AUTORELEASING = YES;
				CLANG_WARN_BOOL_CONVERSION = YES;
				CLANG_WARN_COMMA = YES;
				CLANG_WARN_CONSTANT_CONVERSION = YES;
				CLANG_WARN_DIRECT_OBJC_ISA_USAGE = YES_ERROR;
				CLANG_WARN_DOCUMENTATION_COMMENTS = YES;
				CLANG_WARN_EMPTY_BODY = YES;
				CLANG_WARN_ENUM_CONVERSION = YES;
				CLANG_WARN_INFINITE_RECURSION = YES;
				CLANG_WARN_INT_CONVERSION = YES;
				CLANG_WARN_NON_LITERAL_NULL_CONVERSION = YES;
				CLANG_WARN_OBJC_LITERAL_CONVERSION = YES;
				CLANG_WARN_OBJC_ROOT_CLASS = YES_ERROR;
				CLANG_WARN_RANGE_LOOP_ANALYSIS = YES;
				CLANG_WARN_STRICT_PROTOTYPES = YES;
				CLANG_WARN_SUSPICIOUS_MOVE = YES;
				CLANG_WARN_UNREACHABLE_CODE = YES;
				CLANG_WARN__DUPLICATE_METHOD_MATCH = YES;
				"CODE_SIGN_IDENTITY[sdk=iphoneos*]" = "iPhone Developer";
				COPY_PHASE_STRIP = NO;
				DEBUG_INFORMATION_FORMAT = dwarf;
				ENABLE_STRICT_OBJC_MSGSEND = YES;
				ENABLE_TESTABILITY = YES;
				GCC_C_LANGUAGE_STANDARD = gnu99;
				GCC_DYNAMIC_NO_PIC = NO;
				GCC_NO_COMMON_BLOCKS = YES;
				GCC_OPTIMIZATION_LEVEL = 0;
				GCC_PREPROCESSOR_DEFINITIONS = (
					"DEBUG=1",
					"$(inherited)",
				);
				GCC_WARN_64_TO_32_BIT_CONVERSION = YES;
				GCC_WARN_ABOUT_RETURN_TYPE = YES_ERROR;
				GCC_WARN_UNDECLARED_SELECTOR = YES;
				GCC_WARN_UNINITIALIZED_AUTOS = YES_AGGRESSIVE;
				GCC_WARN_UNUSED_FUNCTION = YES;
				GCC_WARN_UNUSED_VARIABLE = YES;
				IPHONEOS_DEPLOYMENT_TARGET = 10.3;
				MTL_ENABLE_DEBUG_INFO = YES;
				ONLY_ACTIVE_ARCH = YES;
				SDKROOT = iphoneos;
				TARGETED_DEVICE_FAMILY = "1,2";
			};
			name = Debug;
		};
		04EF37DE1ED97271003B24C8 /* Release */ = {
			isa = XCBuildConfiguration;
			buildSettings = {
				ALWAYS_SEARCH_USER_PATHS = NO;
				CLANG_ANALYZER_NONNULL = YES;
				CLANG_CXX_LANGUAGE_STANDARD = "gnu++0x";
				CLANG_CXX_LIBRARY = "libc++";
				CLANG_ENABLE_MODULES = YES;
				CLANG_ENABLE_OBJC_ARC = YES;
				CLANG_WARN_BLOCK_CAPTURE_AUTORELEASING = YES;
				CLANG_WARN_BOOL_CONVERSION = YES;
				CLANG_WARN_COMMA = YES;
				CLANG_WARN_CONSTANT_CONVERSION = YES;
				CLANG_WARN_DIRECT_OBJC_ISA_USAGE = YES_ERROR;
				CLANG_WARN_DOCUMENTATION_COMMENTS = YES;
				CLANG_WARN_EMPTY_BODY = YES;
				CLANG_WARN_ENUM_CONVERSION = YES;
				CLANG_WARN_INFINITE_RECURSION = YES;
				CLANG_WARN_INT_CONVERSION = YES;
				CLANG_WARN_NON_LITERAL_NULL_CONVERSION = YES;
				CLANG_WARN_OBJC_LITERAL_CONVERSION = YES;
				CLANG_WARN_OBJC_ROOT_CLASS = YES_ERROR;
				CLANG_WARN_RANGE_LOOP_ANALYSIS = YES;
				CLANG_WARN_STRICT_PROTOTYPES = YES;
				CLANG_WARN_SUSPICIOUS_MOVE = YES;
				CLANG_WARN_UNREACHABLE_CODE = YES;
				CLANG_WARN__DUPLICATE_METHOD_MATCH = YES;
				"CODE_SIGN_IDENTITY[sdk=iphoneos*]" = "iPhone Developer";
				COPY_PHASE_STRIP = NO;
				DEBUG_INFORMATION_FORMAT = "dwarf-with-dsym";
				ENABLE_NS_ASSERTIONS = NO;
				ENABLE_STRICT_OBJC_MSGSEND = YES;
				GCC_C_LANGUAGE_STANDARD = gnu99;
				GCC_NO_COMMON_BLOCKS = YES;
				GCC_WARN_64_TO_32_BIT_CONVERSION = YES;
				GCC_WARN_ABOUT_RETURN_TYPE = YES_ERROR;
				GCC_WARN_UNDECLARED_SELECTOR = YES;
				GCC_WARN_UNINITIALIZED_AUTOS = YES_AGGRESSIVE;
				GCC_WARN_UNUSED_FUNCTION = YES;
				GCC_WARN_UNUSED_VARIABLE = YES;
				IPHONEOS_DEPLOYMENT_TARGET = 10.3;
				MTL_ENABLE_DEBUG_INFO = NO;
				SDKROOT = iphoneos;
				TARGETED_DEVICE_FAMILY = "1,2";
				VALIDATE_PRODUCT = YES;
			};
			name = Release;
		};
		04EF37E01ED97271003B24C8 /* Debug */ = {
			isa = XCBuildConfiguration;
			baseConfigurationReference = 927012A5674ABD7AB14C1BC7 /* Pods-ZeplinProject.debug.xcconfig */;
			buildSettings = {
				ASSETCATALOG_COMPILER_APPICON_NAME = AppIcon;
				DEVELOPMENT_TEAM = Z48WYVF59J;
				INFOPLIST_FILE = ZeplinProject/Info.plist;
				IPHONEOS_DEPLOYMENT_TARGET = 10.3;
				LD_RUNPATH_SEARCH_PATHS = "$(inherited) @executable_path/Frameworks";
				PRODUCT_BUNDLE_IDENTIFIER = ru.vutsins.ZeplinProject;
				PRODUCT_NAME = "$(TARGET_NAME)";
			};
			name = Debug;
		};
		04EF37E11ED97271003B24C8 /* Release */ = {
			isa = XCBuildConfiguration;
			baseConfigurationReference = 2B12E6CB648A2621EF130D63 /* Pods-ZeplinProject.release.xcconfig */;
			buildSettings = {
				ASSETCATALOG_COMPILER_APPICON_NAME = AppIcon;
				DEVELOPMENT_TEAM = Z48WYVF59J;
				INFOPLIST_FILE = ZeplinProject/Info.plist;
				IPHONEOS_DEPLOYMENT_TARGET = 10.3;
				LD_RUNPATH_SEARCH_PATHS = "$(inherited) @executable_path/Frameworks";
				PRODUCT_BUNDLE_IDENTIFIER = ru.vutsins.ZeplinProject;
				PRODUCT_NAME = "$(TARGET_NAME)";
			};
			name = Release;
		};
/* End XCBuildConfiguration section */

/* Begin XCConfigurationList section */
		04EF37C31ED97271003B24C8 /* Build configuration list for PBXProject "ZeplinProject" */ = {
			isa = XCConfigurationList;
			buildConfigurations = (
				04EF37DD1ED97271003B24C8 /* Debug */,
				04EF37DE1ED97271003B24C8 /* Release */,
			);
			defaultConfigurationIsVisible = 0;
			defaultConfigurationName = Release;
		};
		04EF37DF1ED97271003B24C8 /* Build configuration list for PBXNativeTarget "ZeplinProject" */ = {
			isa = XCConfigurationList;
			buildConfigurations = (
				04EF37E01ED97271003B24C8 /* Debug */,
				04EF37E11ED97271003B24C8 /* Release */,
			);
			defaultConfigurationIsVisible = 0;
			defaultConfigurationName = Release;
		};
/* End XCConfigurationList section */
	};
	rootObject = 04EF37C01ED97271003B24C8 /* Project object */;
}
